
Microsoft Visual Studio Solution File, Format Version 12.00
# Visual Studio Version 17
VisualStudioVersion = 17.14.36414.22 d17.14
MinimumVisualStudioVersion = 10.0.40219.1
Project("{FAE04EC0-301F-11D3-BF4B-00C04F79EFBC}") = "MyProj1", "MyProj1\MyProj1.csproj", "{D293032A-91A2-4A48-BAF1-7B6576723EFC}"
EndProject
Global
	GlobalSection(SolutionConfigurationPlatforms) = preSolution
		Debug|Any CPU = Debug|Any CPU
		Release|Any CPU = Release|Any CPU
	EndGlobalSection
	GlobalSection(ProjectConfigurationPlatforms) = postSolution
		{D293032A-91A2-4A48-BAF1-7B6576723EFC}.Debug|Any CPU.ActiveCfg = Debug|Any CPU
		{D293032A-91A2-4A48-BAF1-7B6576723EFC}.Debug|Any CPU.Build.0 = Debug|Any CPU
		{D293032A-91A2-4A48-BAF1-7B6576723EFC}.Release|Any CPU.ActiveCfg = Release|Any CPU
		{D293032A-91A2-4A48-BAF1-7B6576723EFC}.Release|Any CPU.Build.0 = Release|Any CPU
	EndGlobalSection
	GlobalSection(SolutionProperties) = preSolution
		HideSolutionNode = FALSE
	EndGlobalSection
	GlobalSection(ExtensibilityGlobals) = postSolution
		SolutionGuid = {947E6296-1830-4A59-9766-9A1A6C59BBBD}
	EndGlobalSection
EndGlobal
